
Microsoft Visual Studio Solution File, Format Version 12.00
# Visual Studio Version 16
VisualStudioVersion = 16.0.30804.86
MinimumVisualStudioVersion = 10.0.40219.1
Project("{9A19103F-16F7-4668-BE54-9A1E7A4F7556}") = "Web.API", "Web.API\Web.API.csproj", "{95C17721-B987-4C00-A9A4-0662A52CC71D}"
EndProject
Project("{9A19103F-16F7-4668-BE54-9A1E7A4F7556}") = "App.Core.Util", "App.Core.Util\App.Core.Util.csproj", "{F1AE2A9F-BE13-47E2-B340-7178F42517AD}"
EndProject
Project("{FAE04EC0-301F-11D3-BF4B-00C04F79EFBC}") = "Web.UI", "Web.UI\Web.UI.csproj", "{8A0BEA02-AFBD-4F0E-BBA3-34BD57D736E6}"
EndProject
Global
	GlobalSection(SolutionConfigurationPlatforms) = preSolution
		Debug|Any CPU = Debug|Any CPU
		Release|Any CPU = Release|Any CPU
	EndGlobalSection
	GlobalSection(ProjectConfigurationPlatforms) = postSolution
		{95C17721-B987-4C00-A9A4-0662A52CC71D}.Debug|Any CPU.ActiveCfg = Debug|Any CPU
		{95C17721-B987-4C00-A9A4-0662A52CC71D}.Debug|Any CPU.Build.0 = Debug|Any CPU
		{95C17721-B987-4C00-A9A4-0662A52CC71D}.Release|Any CPU.ActiveCfg = Release|Any CPU
		{95C17721-B987-4C00-A9A4-0662A52CC71D}.Release|Any CPU.Build.0 = Release|Any CPU
		{F1AE2A9F-BE13-47E2-B340-7178F42517AD}.Debug|Any CPU.ActiveCfg = Debug|Any CPU
		{F1AE2A9F-BE13-47E2-B340-7178F42517AD}.Debug|Any CPU.Build.0 = Debug|Any CPU
		{F1AE2A9F-BE13-47E2-B340-7178F42517AD}.Release|Any CPU.ActiveCfg = Release|Any CPU
		{F1AE2A9F-BE13-47E2-B340-7178F42517AD}.Release|Any CPU.Build.0 = Release|Any CPU
		{8A0BEA02-AFBD-4F0E-BBA3-34BD57D736E6}.Debug|Any CPU.ActiveCfg = Debug|Any CPU
		{8A0BEA02-AFBD-4F0E-BBA3-34BD57D736E6}.Debug|Any CPU.Build.0 = Debug|Any CPU
		{8A0BEA02-AFBD-4F0E-BBA3-34BD57D736E6}.Release|Any CPU.ActiveCfg = Release|Any CPU
		{8A0BEA02-AFBD-4F0E-BBA3-34BD57D736E6}.Release|Any CPU.Build.0 = Release|Any CPU
	EndGlobalSection
	GlobalSection(SolutionProperties) = preSolution
		HideSolutionNode = FALSE
	EndGlobalSection
	GlobalSection(ExtensibilityGlobals) = postSolution
		SolutionGuid = {F6E0A4EC-1DC6-47FC-B829-702CAC4B0863}
	EndGlobalSection
EndGlobal
